# THIS IS AN AUTOGENERATED FILE. DO NOT EDIT THIS FILE DIRECTLY.
# yarn lockfile v1


"@aduh95/viz.js@^3.3.0":
  version "3.3.0"
  resolved "https://registry.yarnpkg.com/@aduh95/viz.js/-/viz.js-3.3.0.tgz#55aa417aeb0df3eb57db3d688447f94668b6605d"
  integrity sha512-E64AQK3eYQ6EfPu9/hPwgZ+DRiGv1H84DXBajuFUz3Q7n8kKCx12cvvAdNTBEJQ+AwUiDcua4ZNdKHF7hcNw0Q==
